
Microsoft Visual Studio Solution File, Format Version 12.00
# Visual Studio Version 17
VisualStudioVersion = 17.5.33516.290
MinimumVisualStudioVersion = 10.0.40219.1
Project("{FAE04EC0-301F-11D3-BF4B-00C04F79EFBC}") = "practice6", "practice6\practice6.csproj", "{A8EDBA56-FCEA-432C-BB56-7D987AAA692D}"
EndProject
Project("{FAE04EC0-301F-11D3-BF4B-00C04F79EFBC}") = "Que2-6", "Que2-6\Que2-6.csproj", "{EFBC997B-91A2-4D8D-A607-3301AC7BC212}"
EndProject
Project("{FAE04EC0-301F-11D3-BF4B-00C04F79EFBC}") = "Que3-6", "Que3-6\Que3-6.csproj", "{37EA5A9D-B8B0-47DD-8A64-5C68244A850A}"
EndProject
Project("{FAE04EC0-301F-11D3-BF4B-00C04F79EFBC}") = "Que4-6", "Que4-6\Que4-6.csproj", "{D7560916-5EA6-492B-B553-A8E8F66FF69D}"
EndProject
Project("{FAE04EC0-301F-11D3-BF4B-00C04F79EFBC}") = "Que1-T", "Que1-T\Que1-T.csproj", "{54D6A947-EB8D-426A-A912-8323079E2C1E}"
EndProject
Global
	GlobalSection(SolutionConfigurationPlatforms) = preSolution
		Debug|Any CPU = Debug|Any CPU
		Release|Any CPU = Release|Any CPU
	EndGlobalSection
	GlobalSection(ProjectConfigurationPlatforms) = postSolution
		{A8EDBA56-FCEA-432C-BB56-7D987AAA692D}.Debug|Any CPU.ActiveCfg = Debug|Any CPU
		{A8EDBA56-FCEA-432C-BB56-7D987AAA692D}.Debug|Any CPU.Build.0 = Debug|Any CPU
		{A8EDBA56-FCEA-432C-BB56-7D987AAA692D}.Release|Any CPU.ActiveCfg = Release|Any CPU
		{A8EDBA56-FCEA-432C-BB56-7D987AAA692D}.Release|Any CPU.Build.0 = Release|Any CPU
		{EFBC997B-91A2-4D8D-A607-3301AC7BC212}.Debug|Any CPU.ActiveCfg = Debug|Any CPU
		{EFBC997B-91A2-4D8D-A607-3301AC7BC212}.Debug|Any CPU.Build.0 = Debug|Any CPU
		{EFBC997B-91A2-4D8D-A607-3301AC7BC212}.Release|Any CPU.ActiveCfg = Release|Any CPU
		{EFBC997B-91A2-4D8D-A607-3301AC7BC212}.Release|Any CPU.Build.0 = Release|Any CPU
		{37EA5A9D-B8B0-47DD-8A64-5C68244A850A}.Debug|Any CPU.ActiveCfg = Debug|Any CPU
		{37EA5A9D-B8B0-47DD-8A64-5C68244A850A}.Debug|Any CPU.Build.0 = Debug|Any CPU
		{37EA5A9D-B8B0-47DD-8A64-5C68244A850A}.Release|Any CPU.ActiveCfg = Release|Any CPU
		{37EA5A9D-B8B0-47DD-8A64-5C68244A850A}.Release|Any CPU.Build.0 = Release|Any CPU
		{D7560916-5EA6-492B-B553-A8E8F66FF69D}.Debug|Any CPU.ActiveCfg = Debug|Any CPU
		{D7560916-5EA6-492B-B553-A8E8F66FF69D}.Debug|Any CPU.Build.0 = Debug|Any CPU
		{D7560916-5EA6-492B-B553-A8E8F66FF69D}.Release|Any CPU.ActiveCfg = Release|Any CPU
		{D7560916-5EA6-492B-B553-A8E8F66FF69D}.Release|Any CPU.Build.0 = Release|Any CPU
		{54D6A947-EB8D-426A-A912-8323079E2C1E}.Debug|Any CPU.ActiveCfg = Debug|Any CPU
		{54D6A947-EB8D-426A-A912-8323079E2C1E}.Debug|Any CPU.Build.0 = Debug|Any CPU
		{54D6A947-EB8D-426A-A912-8323079E2C1E}.Release|Any CPU.ActiveCfg = Release|Any CPU
		{54D6A947-EB8D-426A-A912-8323079E2C1E}.Release|Any CPU.Build.0 = Release|Any CPU
	EndGlobalSection
	GlobalSection(SolutionProperties) = preSolution
		HideSolutionNode = FALSE
	EndGlobalSection
	GlobalSection(ExtensibilityGlobals) = postSolution
		SolutionGuid = {A901D0B6-E126-49DF-B01D-235CB38B629B}
	EndGlobalSection
EndGlobal
